
Microsoft Visual Studio Solution File, Format Version 12.00
# Visual Studio Version 17
VisualStudioVersion = 17.4.33110.190
MinimumVisualStudioVersion = 10.0.40219.1
Project("{2150E333-8FDC-42A3-9474-1A3956D46DE8}") = "src", "src", "{1122A0CC-52CC-4686-BD6C-95299FDA430F}"
EndProject
Project("{9A19103F-16F7-4668-BE54-9A1E7A4F7556}") = "AdventOfCode2022", "src\AdventOfCode2022\AdventOfCode2022.csproj", "{BB63D269-0D07-4CB9-8196-131EF7140B62}"
EndProject
Project("{2150E333-8FDC-42A3-9474-1A3956D46DE8}") = "test", "test", "{8C1316CF-C8B9-4471-8DEC-842E92F18A28}"
EndProject
Project("{9A19103F-16F7-4668-BE54-9A1E7A4F7556}") = "AdventOfCode2022.Test", "test\AdventOfCode2022.Test\AdventOfCode2022.Test.csproj", "{48EB1FE7-143D-485C-8821-59122AC6C5D5}"
EndProject
Project("{9A19103F-16F7-4668-BE54-9A1E7A4F7556}") = "AdventOfCode", "src\AdventOfCode\AdventOfCode.csproj", "{F374C057-DD87-49A9-98D2-E132F1DFCB9F}"
EndProject
Project("{9A19103F-16F7-4668-BE54-9A1E7A4F7556}") = "AdventOfCode.Test", "test\AdventOfCode.Test\AdventOfCode.Test.csproj", "{C05EE22F-CA47-4025-9A6B-E86EC8599A83}"
EndProject
Project("{9A19103F-16F7-4668-BE54-9A1E7A4F7556}") = "AdventOfCode2021", "src\AdventOfCode2021\AdventOfCode2021.csproj", "{C35A2EFF-7A81-4473-88DE-800F0704EF48}"
EndProject
Project("{9A19103F-16F7-4668-BE54-9A1E7A4F7556}") = "AdventOfCode2021.Test", "test\AdventOfCode2021.Test\AdventOfCode2021.Test.csproj", "{FD25DA76-8A0C-4DFB-822F-A3C5E41BADFF}"
EndProject
Project("{9A19103F-16F7-4668-BE54-9A1E7A4F7556}") = "AdventOfCode2023", "src\AdventOfCode2023\AdventOfCode2023.csproj", "{694DF6CA-4107-4C87-A21F-343BFD7C95C6}"
EndProject
Project("{9A19103F-16F7-4668-BE54-9A1E7A4F7556}") = "AdventOfCode2023.Test", "test\AdventOfCode2023.Test\AdventOfCode2023.Test.csproj", "{54726F04-5AEF-4018-A4C1-AEAF5CE359A7}"
EndProject
Project("{FAE04EC0-301F-11D3-BF4B-00C04F79EFBC}") = "AdventOfCode2024", "src\AdventOfCode2024\AdventOfCode2024.csproj", "{54DBC17E-9137-4F6C-9059-E683A493B925}"
EndProject
Project("{FAE04EC0-301F-11D3-BF4B-00C04F79EFBC}") = "AdventOfCode2024.Test", "test\AdventOfCode2024.Test\AdventOfCode2024.Test.csproj", "{B6786B1D-FD3C-417C-8243-9A4342A8FABB}"
EndProject
Global
	GlobalSection(SolutionConfigurationPlatforms) = preSolution
		Debug|Any CPU = Debug|Any CPU
		Release|Any CPU = Release|Any CPU
	EndGlobalSection
	GlobalSection(ProjectConfigurationPlatforms) = postSolution
		{BB63D269-0D07-4CB9-8196-131EF7140B62}.Debug|Any CPU.ActiveCfg = Debug|Any CPU
		{BB63D269-0D07-4CB9-8196-131EF7140B62}.Debug|Any CPU.Build.0 = Debug|Any CPU
		{BB63D269-0D07-4CB9-8196-131EF7140B62}.Release|Any CPU.ActiveCfg = Release|Any CPU
		{BB63D269-0D07-4CB9-8196-131EF7140B62}.Release|Any CPU.Build.0 = Release|Any CPU
		{48EB1FE7-143D-485C-8821-59122AC6C5D5}.Debug|Any CPU.ActiveCfg = Debug|Any CPU
		{48EB1FE7-143D-485C-8821-59122AC6C5D5}.Debug|Any CPU.Build.0 = Debug|Any CPU
		{48EB1FE7-143D-485C-8821-59122AC6C5D5}.Release|Any CPU.ActiveCfg = Release|Any CPU
		{48EB1FE7-143D-485C-8821-59122AC6C5D5}.Release|Any CPU.Build.0 = Release|Any CPU
		{F374C057-DD87-49A9-98D2-E132F1DFCB9F}.Debug|Any CPU.ActiveCfg = Debug|Any CPU
		{F374C057-DD87-49A9-98D2-E132F1DFCB9F}.Debug|Any CPU.Build.0 = Debug|Any CPU
		{F374C057-DD87-49A9-98D2-E132F1DFCB9F}.Release|Any CPU.ActiveCfg = Release|Any CPU
		{F374C057-DD87-49A9-98D2-E132F1DFCB9F}.Release|Any CPU.Build.0 = Release|Any CPU
		{C05EE22F-CA47-4025-9A6B-E86EC8599A83}.Debug|Any CPU.ActiveCfg = Debug|Any CPU
		{C05EE22F-CA47-4025-9A6B-E86EC8599A83}.Debug|Any CPU.Build.0 = Debug|Any CPU
		{C05EE22F-CA47-4025-9A6B-E86EC8599A83}.Release|Any CPU.ActiveCfg = Release|Any CPU
		{C05EE22F-CA47-4025-9A6B-E86EC8599A83}.Release|Any CPU.Build.0 = Release|Any CPU
		{C35A2EFF-7A81-4473-88DE-800F0704EF48}.Debug|Any CPU.ActiveCfg = Debug|Any CPU
		{C35A2EFF-7A81-4473-88DE-800F0704EF48}.Debug|Any CPU.Build.0 = Debug|Any CPU
		{C35A2EFF-7A81-4473-88DE-800F0704EF48}.Release|Any CPU.ActiveCfg = Release|Any CPU
		{C35A2EFF-7A81-4473-88DE-800F0704EF48}.Release|Any CPU.Build.0 = Release|Any CPU
		{FD25DA76-8A0C-4DFB-822F-A3C5E41BADFF}.Debug|Any CPU.ActiveCfg = Debug|Any CPU
		{FD25DA76-8A0C-4DFB-822F-A3C5E41BADFF}.Debug|Any CPU.Build.0 = Debug|Any CPU
		{FD25DA76-8A0C-4DFB-822F-A3C5E41BADFF}.Release|Any CPU.ActiveCfg = Release|Any CPU
		{FD25DA76-8A0C-4DFB-822F-A3C5E41BADFF}.Release|Any CPU.Build.0 = Release|Any CPU
		{694DF6CA-4107-4C87-A21F-343BFD7C95C6}.Debug|Any CPU.ActiveCfg = Debug|Any CPU
		{694DF6CA-4107-4C87-A21F-343BFD7C95C6}.Debug|Any CPU.Build.0 = Debug|Any CPU
		{694DF6CA-4107-4C87-A21F-343BFD7C95C6}.Release|Any CPU.ActiveCfg = Release|Any CPU
		{694DF6CA-4107-4C87-A21F-343BFD7C95C6}.Release|Any CPU.Build.0 = Release|Any CPU
		{54726F04-5AEF-4018-A4C1-AEAF5CE359A7}.Debug|Any CPU.ActiveCfg = Debug|Any CPU
		{54726F04-5AEF-4018-A4C1-AEAF5CE359A7}.Debug|Any CPU.Build.0 = Debug|Any CPU
		{54726F04-5AEF-4018-A4C1-AEAF5CE359A7}.Release|Any CPU.ActiveCfg = Release|Any CPU
		{54726F04-5AEF-4018-A4C1-AEAF5CE359A7}.Release|Any CPU.Build.0 = Release|Any CPU
		{54DBC17E-9137-4F6C-9059-E683A493B925}.Debug|Any CPU.ActiveCfg = Debug|Any CPU
		{54DBC17E-9137-4F6C-9059-E683A493B925}.Debug|Any CPU.Build.0 = Debug|Any CPU
		{54DBC17E-9137-4F6C-9059-E683A493B925}.Release|Any CPU.ActiveCfg = Release|Any CPU
		{54DBC17E-9137-4F6C-9059-E683A493B925}.Release|Any CPU.Build.0 = Release|Any CPU
		{B6786B1D-FD3C-417C-8243-9A4342A8FABB}.Debug|Any CPU.ActiveCfg = Debug|Any CPU
		{B6786B1D-FD3C-417C-8243-9A4342A8FABB}.Debug|Any CPU.Build.0 = Debug|Any CPU
		{B6786B1D-FD3C-417C-8243-9A4342A8FABB}.Release|Any CPU.ActiveCfg = Release|Any CPU
		{B6786B1D-FD3C-417C-8243-9A4342A8FABB}.Release|Any CPU.Build.0 = Release|Any CPU
	EndGlobalSection
	GlobalSection(SolutionProperties) = preSolution
		HideSolutionNode = FALSE
	EndGlobalSection
	GlobalSection(NestedProjects) = preSolution
		{BB63D269-0D07-4CB9-8196-131EF7140B62} = {1122A0CC-52CC-4686-BD6C-95299FDA430F}
		{48EB1FE7-143D-485C-8821-59122AC6C5D5} = {8C1316CF-C8B9-4471-8DEC-842E92F18A28}
		{F374C057-DD87-49A9-98D2-E132F1DFCB9F} = {1122A0CC-52CC-4686-BD6C-95299FDA430F}
		{C05EE22F-CA47-4025-9A6B-E86EC8599A83} = {8C1316CF-C8B9-4471-8DEC-842E92F18A28}
		{C35A2EFF-7A81-4473-88DE-800F0704EF48} = {1122A0CC-52CC-4686-BD6C-95299FDA430F}
		{FD25DA76-8A0C-4DFB-822F-A3C5E41BADFF} = {8C1316CF-C8B9-4471-8DEC-842E92F18A28}
		{694DF6CA-4107-4C87-A21F-343BFD7C95C6} = {1122A0CC-52CC-4686-BD6C-95299FDA430F}
		{54726F04-5AEF-4018-A4C1-AEAF5CE359A7} = {8C1316CF-C8B9-4471-8DEC-842E92F18A28}
		{54DBC17E-9137-4F6C-9059-E683A493B925} = {1122A0CC-52CC-4686-BD6C-95299FDA430F}
		{B6786B1D-FD3C-417C-8243-9A4342A8FABB} = {8C1316CF-C8B9-4471-8DEC-842E92F18A28}
	EndGlobalSection
	GlobalSection(ExtensibilityGlobals) = postSolution
		SolutionGuid = {1AF5BF95-7E98-4F60-9253-60CCA1E5127A}
	EndGlobalSection
EndGlobal
